
Microsoft Visual Studio Solution File, Format Version 12.00
# Visual Studio Version 17
VisualStudioVersion = 17.5.33627.172
MinimumVisualStudioVersion = 10.0.40219.1
Project("{FAE04EC0-301F-11D3-BF4B-00C04F79EFBC}") = "Heracles", "Heracles\Heracles.csproj", "{A803E5E2-ECB1-4DEC-9E21-254B8FAC9EF6}"
EndProject
Project("{FAE04EC0-301F-11D3-BF4B-00C04F79EFBC}") = "HeraclesDAO", "HeraclesDAO\HeraclesDAO.csproj", "{732613CF-F9DA-4CE2-A6C7-99C758B6EA60}"
EndProject
Global
	GlobalSection(SolutionConfigurationPlatforms) = preSolution
		Debug|Any CPU = Debug|Any CPU
		Release|Any CPU = Release|Any CPU
	EndGlobalSection
	GlobalSection(ProjectConfigurationPlatforms) = postSolution
		{A803E5E2-ECB1-4DEC-9E21-254B8FAC9EF6}.Debug|Any CPU.ActiveCfg = Debug|Any CPU
		{A803E5E2-ECB1-4DEC-9E21-254B8FAC9EF6}.Debug|Any CPU.Build.0 = Debug|Any CPU
		{A803E5E2-ECB1-4DEC-9E21-254B8FAC9EF6}.Release|Any CPU.ActiveCfg = Release|Any CPU
		{A803E5E2-ECB1-4DEC-9E21-254B8FAC9EF6}.Release|Any CPU.Build.0 = Release|Any CPU
		{732613CF-F9DA-4CE2-A6C7-99C758B6EA60}.Debug|Any CPU.ActiveCfg = Debug|Any CPU
		{732613CF-F9DA-4CE2-A6C7-99C758B6EA60}.Debug|Any CPU.Build.0 = Debug|Any CPU
		{732613CF-F9DA-4CE2-A6C7-99C758B6EA60}.Release|Any CPU.ActiveCfg = Release|Any CPU
		{732613CF-F9DA-4CE2-A6C7-99C758B6EA60}.Release|Any CPU.Build.0 = Release|Any CPU
	EndGlobalSection
	GlobalSection(SolutionProperties) = preSolution
		HideSolutionNode = FALSE
	EndGlobalSection
	GlobalSection(ExtensibilityGlobals) = postSolution
		SolutionGuid = {18D2CC30-4CD6-48D7-A0CD-9AFFCF5069E5}
	EndGlobalSection
EndGlobal
